
Microsoft Visual Studio Solution File, Format Version 12.00
# Visual Studio 14
VisualStudioVersion = 14.0.25420.1
MinimumVisualStudioVersion = 10.0.40219.1
Project("{FAE04EC0-301F-11D3-BF4B-00C04F79EFBC}") = "eUcitelj.MVC_WebApi", "eUcitelj.MVC_WebApi\eUcitelj.MVC_WebApi.csproj", "{678BD82E-B838-4802-A59B-4EBD8B10A066}"
EndProject
Project("{FAE04EC0-301F-11D3-BF4B-00C04F79EFBC}") = "eUcitelj.DAL", "eUcitelj.DAL\eUcitelj.DAL.csproj", "{882A72A0-778C-439D-B70A-C4C0257C59A3}"
EndProject
Project("{FAE04EC0-301F-11D3-BF4B-00C04F79EFBC}") = "eUcitelj.DAL.Common", "eUcitelj.DAL.Common\eUcitelj.DAL.Common.csproj", "{61FB2348-4F47-4705-9DD2-0D453B670028}"
EndProject
Project("{FAE04EC0-301F-11D3-BF4B-00C04F79EFBC}") = "eUcitelj.Model.Common", "eUcitelj.Model.Common\eUcitelj.Model.Common.csproj", "{EF4CA9BF-D2D7-4259-964B-6C48B590A344}"
EndProject
Project("{FAE04EC0-301F-11D3-BF4B-00C04F79EFBC}") = "eUcitelj.Model", "eUcitelj.Model\eUcitelj.Model.csproj", "{DB263ED4-896D-47C1-B10F-7DD87CF4B35E}"
EndProject
Project("{FAE04EC0-301F-11D3-BF4B-00C04F79EFBC}") = "eUcitelj.Reporsitory.Common", "eUcitelj.Reporsitory.Common\eUcitelj.Reporsitory.Common.csproj", "{FD3B09E3-85D3-4990-8ACC-3AB06EECBE80}"
EndProject
Project("{FAE04EC0-301F-11D3-BF4B-00C04F79EFBC}") = "eUcitelj.Reporsitory", "eUcitelj.Reporsitory\eUcitelj.Reporsitory.csproj", "{C2A13CE9-3138-4340-9C58-89894AA645EE}"
EndProject
Global
	GlobalSection(SolutionConfigurationPlatforms) = preSolution
		Debug|Any CPU = Debug|Any CPU
		Release|Any CPU = Release|Any CPU
	EndGlobalSection
	GlobalSection(ProjectConfigurationPlatforms) = postSolution
		{678BD82E-B838-4802-A59B-4EBD8B10A066}.Debug|Any CPU.ActiveCfg = Debug|Any CPU
		{678BD82E-B838-4802-A59B-4EBD8B10A066}.Debug|Any CPU.Build.0 = Debug|Any CPU
		{678BD82E-B838-4802-A59B-4EBD8B10A066}.Release|Any CPU.ActiveCfg = Release|Any CPU
		{678BD82E-B838-4802-A59B-4EBD8B10A066}.Release|Any CPU.Build.0 = Release|Any CPU
		{882A72A0-778C-439D-B70A-C4C0257C59A3}.Debug|Any CPU.ActiveCfg = Debug|Any CPU
		{882A72A0-778C-439D-B70A-C4C0257C59A3}.Debug|Any CPU.Build.0 = Debug|Any CPU
		{882A72A0-778C-439D-B70A-C4C0257C59A3}.Release|Any CPU.ActiveCfg = Release|Any CPU
		{882A72A0-778C-439D-B70A-C4C0257C59A3}.Release|Any CPU.Build.0 = Release|Any CPU
		{61FB2348-4F47-4705-9DD2-0D453B670028}.Debug|Any CPU.ActiveCfg = Debug|Any CPU
		{61FB2348-4F47-4705-9DD2-0D453B670028}.Debug|Any CPU.Build.0 = Debug|Any CPU
		{61FB2348-4F47-4705-9DD2-0D453B670028}.Release|Any CPU.ActiveCfg = Release|Any CPU
		{61FB2348-4F47-4705-9DD2-0D453B670028}.Release|Any CPU.Build.0 = Release|Any CPU
		{EF4CA9BF-D2D7-4259-964B-6C48B590A344}.Debug|Any CPU.ActiveCfg = Debug|Any CPU
		{EF4CA9BF-D2D7-4259-964B-6C48B590A344}.Debug|Any CPU.Build.0 = Debug|Any CPU
		{EF4CA9BF-D2D7-4259-964B-6C48B590A344}.Release|Any CPU.ActiveCfg = Release|Any CPU
		{EF4CA9BF-D2D7-4259-964B-6C48B590A344}.Release|Any CPU.Build.0 = Release|Any CPU
		{DB263ED4-896D-47C1-B10F-7DD87CF4B35E}.Debug|Any CPU.ActiveCfg = Debug|Any CPU
		{DB263ED4-896D-47C1-B10F-7DD87CF4B35E}.Debug|Any CPU.Build.0 = Debug|Any CPU
		{DB263ED4-896D-47C1-B10F-7DD87CF4B35E}.Release|Any CPU.ActiveCfg = Release|Any CPU
		{DB263ED4-896D-47C1-B10F-7DD87CF4B35E}.Release|Any CPU.Build.0 = Release|Any CPU
		{FD3B09E3-85D3-4990-8ACC-3AB06EECBE80}.Debug|Any CPU.ActiveCfg = Debug|Any CPU
		{FD3B09E3-85D3-4990-8ACC-3AB06EECBE80}.Debug|Any CPU.Build.0 = Debug|Any CPU
		{FD3B09E3-85D3-4990-8ACC-3AB06EECBE80}.Release|Any CPU.ActiveCfg = Release|Any CPU
		{FD3B09E3-85D3-4990-8ACC-3AB06EECBE80}.Release|Any CPU.Build.0 = Release|Any CPU
		{C2A13CE9-3138-4340-9C58-89894AA645EE}.Debug|Any CPU.ActiveCfg = Debug|Any CPU
		{C2A13CE9-3138-4340-9C58-89894AA645EE}.Debug|Any CPU.Build.0 = Debug|Any CPU
		{C2A13CE9-3138-4340-9C58-89894AA645EE}.Release|Any CPU.ActiveCfg = Release|Any CPU
		{C2A13CE9-3138-4340-9C58-89894AA645EE}.Release|Any CPU.Build.0 = Release|Any CPU
	EndGlobalSection
	GlobalSection(SolutionProperties) = preSolution
		HideSolutionNode = FALSE
	EndGlobalSection
EndGlobal
